
Microsoft Visual Studio Solution File, Format Version 12.00
# Visual Studio Version 17
VisualStudioVersion = 17.2.32616.157
MinimumVisualStudioVersion = 10.0.40219.1
Project("{FAE04EC0-301F-11D3-BF4B-00C04F79EFBC}") = "MinimalAPI", "MinimalAPI.csproj", "{7BC9431E-34B4-4650-A16D-B19968363384}"
EndProject
Global
	GlobalSection(SolutionConfigurationPlatforms) = preSolution
		Debug|Any CPU = Debug|Any CPU
		Release|Any CPU = Release|Any CPU
	EndGlobalSection
	GlobalSection(ProjectConfigurationPlatforms) = postSolution
		{7BC9431E-34B4-4650-A16D-B19968363384}.Debug|Any CPU.ActiveCfg = Debug|Any CPU
		{7BC9431E-34B4-4650-A16D-B19968363384}.Debug|Any CPU.Build.0 = Debug|Any CPU
		{7BC9431E-34B4-4650-A16D-B19968363384}.Release|Any CPU.ActiveCfg = Release|Any CPU
		{7BC9431E-34B4-4650-A16D-B19968363384}.Release|Any CPU.Build.0 = Release|Any CPU
	EndGlobalSection
	GlobalSection(SolutionProperties) = preSolution
		HideSolutionNode = FALSE
	EndGlobalSection
	GlobalSection(ExtensibilityGlobals) = postSolution
		SolutionGuid = {CC076861-3541-4700-B568-4C83EE8F110A}
	EndGlobalSection
EndGlobal
